
Microsoft Visual Studio Solution File, Format Version 12.00
# Visual Studio Version 17
VisualStudioVersion = 17.9.34723.18
MinimumVisualStudioVersion = 10.0.40219.1
Project("{FAE04EC0-301F-11D3-BF4B-00C04F79EFBC}") = "RSingleton.API", "RSingleton.API\RSingleton.API.csproj", "{DF8EDE25-9AE6-45D3-A437-46FFEA6273AD}"
EndProject
Global
	GlobalSection(SolutionConfigurationPlatforms) = preSolution
		Debug|Any CPU = Debug|Any CPU
		Release|Any CPU = Release|Any CPU
	EndGlobalSection
	GlobalSection(ProjectConfigurationPlatforms) = postSolution
		{DF8EDE25-9AE6-45D3-A437-46FFEA6273AD}.Debug|Any CPU.ActiveCfg = Debug|Any CPU
		{DF8EDE25-9AE6-45D3-A437-46FFEA6273AD}.Debug|Any CPU.Build.0 = Debug|Any CPU
		{DF8EDE25-9AE6-45D3-A437-46FFEA6273AD}.Release|Any CPU.ActiveCfg = Release|Any CPU
		{DF8EDE25-9AE6-45D3-A437-46FFEA6273AD}.Release|Any CPU.Build.0 = Release|Any CPU
	EndGlobalSection
	GlobalSection(SolutionProperties) = preSolution
		HideSolutionNode = FALSE
	EndGlobalSection
	GlobalSection(ExtensibilityGlobals) = postSolution
		SolutionGuid = {A6D4D974-2C70-4433-A586-7BF3215512DA}
	EndGlobalSection
EndGlobal
